
Microsoft Visual Studio Solution File, Format Version 11.00
# Visual Studio 2010
Project("{8BC9CEB8-8B4A-11D0-8D11-00A0C91BC942}") = "annotation", "annotation\annotation_vs2010.vcxproj", "{07FB78D6-EAC7-4556-A0CE-938C4DE5206E}"
EndProject
Project("{8BC9CEB8-8B4A-11D0-8D11-00A0C91BC942}") = "attachment", "attachment\attachment_vs2010.vcxproj", "{076CFFB9-EC47-4B1B-B810-88A67B3C632D}"
EndProject
Project("{8BC9CEB8-8B4A-11D0-8D11-00A0C91BC942}") = "bitmap_transform", "bitmap_transform\bitmap_transform_vs2010.vcxproj", "{F36D024A-A037-41F4-AB91-A7D28CEB7D90}"
EndProject
Project("{8BC9CEB8-8B4A-11D0-8D11-00A0C91BC942}") = "bookmark", "bookmark\bookmark_vs2010.vcxproj", "{D22288CF-44CF-4F1B-8BEA-DB9F9A015F58}"
EndProject
Project("{8BC9CEB8-8B4A-11D0-8D11-00A0C91BC942}") = "docinfo", "docinfo\docinfo_vs2010.vcxproj", "{DAAC90FC-331E-437E-AA13-133C25DBFEDD}"
EndProject
Project("{8BC9CEB8-8B4A-11D0-8D11-00A0C91BC942}") = "fdf", "fdf\fdf_vs2010.vcxproj", "{55CA4AE9-28D2-40AC-A24F-DED7B64DC82E}"
EndProject
Project("{8BC9CEB8-8B4A-11D0-8D11-00A0C91BC942}") = "form", "form\form_vs2010.vcxproj", "{5998CF79-C845-4B5E-A353-4DA8006455C7}"
EndProject
Project("{8BC9CEB8-8B4A-11D0-8D11-00A0C91BC942}") = "image2pdf", "image2pdf\image2pdf_vs2010.vcxproj", "{D2248F9D-B061-4F23-9F50-34FB9EB73BD0}"
EndProject
Project("{8BC9CEB8-8B4A-11D0-8D11-00A0C91BC942}") = "marked_content", "marked_content\marked_content_vs2010.vcxproj", "{00B3DACC-5578-4078-B94D-E9558FABBFE8}"
EndProject
Project("{8BC9CEB8-8B4A-11D0-8D11-00A0C91BC942}") = "page_labels", "page_labels\page_labels_vs2010.vcxproj", "{2DC3323D-FC1A-4A90-80AA-AEFB6AA9CE7C}"
EndProject
Project("{8BC9CEB8-8B4A-11D0-8D11-00A0C91BC942}") = "pdf2image", "pdf2image\pdf2image_vs2010.vcxproj", "{9BF83399-F418-4AC8-8BB8-4E65DAA8C13D}"
EndProject
Project("{8BC9CEB8-8B4A-11D0-8D11-00A0C91BC942}") = "pdf2text", "pdf2text\pdf2text_vs2010.vcxproj", "{C4AF5AE6-9B3B-4371-BE16-1A84A96E92A5}"
EndProject
Project("{8BC9CEB8-8B4A-11D0-8D11-00A0C91BC942}") = "pdfflatten", "pdfflatten\pdfflatten_vs2010.vcxproj", "{B6FBBCE1-5562-40E1-9106-24AC61261FE2}"
EndProject
Project("{8BC9CEB8-8B4A-11D0-8D11-00A0C91BC942}") = "pdfobjects", "pdfobjects\pdfobjects_vs2010.vcxproj", "{48363B33-E590-4271-9B6A-1EF7D54B2432}"
EndProject
Project("{8BC9CEB8-8B4A-11D0-8D11-00A0C91BC942}") = "pdfprint", "pdfprint\pdfprint_vs2010.vcxproj", "{6F68DFE5-AC60-4411-8CA6-5ADE70CD3D28}"
EndProject
Project("{8BC9CEB8-8B4A-11D0-8D11-00A0C91BC942}") = "pdfreflow", "pdfreflow\pdfreflow_vs2010.vcxproj", "{D49E104E-F510-4B77-909D-B46ACC6C49ED}"
EndProject
Project("{8BC9CEB8-8B4A-11D0-8D11-00A0C91BC942}") = "pdfwrapper", "pdfwrapper\pdfwrapper_vs2010.vcxproj", "{EDCDA670-1A46-496B-A552-C7E23A5B7CFB}"
EndProject
Project("{8BC9CEB8-8B4A-11D0-8D11-00A0C91BC942}") = "psi", "psi\psi_vs2010.vcxproj", "{0933260E-2A69-4C35-A096-FC1D454E6300}"
EndProject
Project("{8BC9CEB8-8B4A-11D0-8D11-00A0C91BC942}") = "watermark", "watermark\watermark_vs2010.vcxproj", "{840B1002-943B-474E-999B-F4C432B31B67}"
EndProject
Project("{8BC9CEB8-8B4A-11D0-8D11-00A0C91BC942}") = "signature", "signature\signature_vs2010.vcxproj", "{7CDDDEED-79C0-4076-A133-8CF806A2F0A9}"
EndProject
Project("{8BC9CEB8-8B4A-11D0-8D11-00A0C91BC942}") = "graphics_objects", "graphics_objects\graphics_objects_vs2010.vcxproj", "{853F466C-C183-4E43-BA15-B2F8F295BE49}"
EndProject
Project("{8BC9CEB8-8B4A-11D0-8D11-00A0C91BC942}") = "search", "search\search_vs2010.vcxproj", "{482C68C2-9E2D-4A0C-A793-B51B322C2C83}"
EndProject
Project("{8BC9CEB8-8B4A-11D0-8D11-00A0C91BC942}") = "pdflayer", "pdflayer\pdflayer_vs2010.vcxproj", "{CFAD3987-0A9D-4178-8405-03E0C554F74F}"
EndProject
Project("{8BC9CEB8-8B4A-11D0-8D11-00A0C91BC942}") = "async_load", "async_load\async_load_vs2010.vcxproj", "{9CD0C3E4-3826-4671-BE7F-369A45079D1B}"
EndProject
Project("{8BC9CEB8-8B4A-11D0-8D11-00A0C91BC942}") = "page_organization", "page_organization\page_organization_vs2010.vcxproj", "{6FA15EFA-F259-4AC7-BC5E-345B8486CA52}"
EndProject
Project("{8BC9CEB8-8B4A-11D0-8D11-00A0C91BC942}") = "associated_files", "associated_files\associated_files_vs2010.vcxproj", "{6A68610A-8D75-48AB-8D4C-80DF901186D6}"
EndProject
Project("{8BC9CEB8-8B4A-11D0-8D11-00A0C91BC942}") = "security", "security\security_vs2010.vcxproj", "{56C57D18-4CFF-4C0D-9C58-0DA645A1F82A}"
EndProject
Project("{8BC9CEB8-8B4A-11D0-8D11-00A0C91BC942}") = "pdfredact", "pdfredact\pdfredact_vs2010.vcxproj", "{BE10A8D6-ED13-4BB0-854D-B32AA2D2D7D6}"
EndProject
Project("{8BC9CEB8-8B4A-11D0-8D11-00A0C91BC942}") = "barcode", "barcode\barcode_vs2010.vcxproj", "{5C408671-0E73-4198-84C7-C489866A26ED}"
EndProject
Project("{8BC9CEB8-8B4A-11D0-8D11-00A0C91BC942}") = "matrix", "matrix\matrix_vs2010.vcxproj", "{AB7F71E9-05C5-4462-A588-4BC3BDD765D6}"
EndProject
Project("{8BC9CEB8-8B4A-11D0-8D11-00A0C91BC942}") = "xfa_form", "xfa_form\xfa_form_vs2010.vcxproj", "{0F173EFC-CD56-479E-A0A1-E5AA2FCC0C64}"
EndProject
Project("{8BC9CEB8-8B4A-11D0-8D11-00A0C91BC942}") = "fulltextsearch", "fulltextsearch\fulltextsearch_vs2010.vcxproj", "{D117669E-1B3B-4C54-8B79-C4353471BEC3}"
EndProject
Project("{8BC9CEB8-8B4A-11D0-8D11-00A0C91BC942}") = "pdfcompare", "pdfcompare\pdfcompare_vs2010.vcxproj", "{5C5CBA15-3D31-4F2D-8377-A79C1EECFE89}"
EndProject
Project("{8BC9CEB8-8B4A-11D0-8D11-00A0C91BC942}") = "ocr", "ocr\ocr_vs2010.vcxproj", "{7AD8F30A-940A-4A78-85CA-F7E0FF59FF83}"
EndProject
Project("{8BC9CEB8-8B4A-11D0-8D11-00A0C91BC942}") = "compliance", "compliance\compliance_vs2010.vcxproj", "{1325D57F-D888-4391-B4E1-7D0E81E422D6}"
EndProject
Project("{8BC9CEB8-8B4A-11D0-8D11-00A0C91BC942}") = "pades", "pades\pades_vs2010.vcxproj", "{BEB6FF5F-D777-4FDD-8348-BA5959B5BEC3}"
EndProject
Project("{8BC9CEB8-8B4A-11D0-8D11-00A0C91BC942}") = "ltv", "ltv\ltv_vs2010.vcxproj", "{8F83A26C-B38A-4240-8C41-1A3F4EB24CCE}"
EndProject
Project("{8BC9CEB8-8B4A-11D0-8D11-00A0C91BC942}") = "html2pdf", "html2pdf\html2pdf_vs2010.vcxproj", "{4B59FF37-9F17-4971-80BC-905FB4317AF8}"
EndProject
Project("{8BC9CEB8-8B4A-11D0-8D11-00A0C91BC942}") = "optimization", "optimization\optimization_vs2010.vcxproj", "{947D5641-9DE9-4E69-8E5A-8C4F05CA2552}"
EndProject
Project("{8BC9CEB8-8B4A-11D0-8D11-00A0C91BC942}") = "office2pdf", "office2pdf\office2pdf_vs2010.vcxproj", "{EB0535BC-65A4-4E94-B34A-95B1E322F478}"
EndProject
Global
	GlobalSection(SolutionConfigurationPlatforms) = preSolution
		Debug|Win32 = Debug|Win32
		Debug|x64 = Debug|x64
		Release|Win32 = Release|Win32
		Release|x64 = Release|x64
	EndGlobalSection
	GlobalSection(ProjectConfigurationPlatforms) = postSolution
		{07FB78D6-EAC7-4556-A0CE-938C4DE5206E}.Debug|Win32.ActiveCfg = Debug|Win32
		{07FB78D6-EAC7-4556-A0CE-938C4DE5206E}.Debug|Win32.Build.0 = Debug|Win32
		{07FB78D6-EAC7-4556-A0CE-938C4DE5206E}.Debug|x64.ActiveCfg = Debug|x64
		{07FB78D6-EAC7-4556-A0CE-938C4DE5206E}.Debug|x64.Build.0 = Debug|x64
		{07FB78D6-EAC7-4556-A0CE-938C4DE5206E}.Release|Win32.ActiveCfg = Release|Win32
		{07FB78D6-EAC7-4556-A0CE-938C4DE5206E}.Release|Win32.Build.0 = Release|Win32
		{07FB78D6-EAC7-4556-A0CE-938C4DE5206E}.Release|x64.ActiveCfg = Release|x64
		{07FB78D6-EAC7-4556-A0CE-938C4DE5206E}.Release|x64.Build.0 = Release|x64
		{076CFFB9-EC47-4B1B-B810-88A67B3C632D}.Debug|Win32.ActiveCfg = Debug|Win32
		{076CFFB9-EC47-4B1B-B810-88A67B3C632D}.Debug|Win32.Build.0 = Debug|Win32
		{076CFFB9-EC47-4B1B-B810-88A67B3C632D}.Debug|x64.ActiveCfg = Debug|x64
		{076CFFB9-EC47-4B1B-B810-88A67B3C632D}.Debug|x64.Build.0 = Debug|x64
		{076CFFB9-EC47-4B1B-B810-88A67B3C632D}.Release|Win32.ActiveCfg = Release|Win32
		{076CFFB9-EC47-4B1B-B810-88A67B3C632D}.Release|Win32.Build.0 = Release|Win32
		{076CFFB9-EC47-4B1B-B810-88A67B3C632D}.Release|x64.ActiveCfg = Release|x64
		{076CFFB9-EC47-4B1B-B810-88A67B3C632D}.Release|x64.Build.0 = Release|x64
		{F36D024A-A037-41F4-AB91-A7D28CEB7D90}.Debug|Win32.ActiveCfg = Debug|Win32
		{F36D024A-A037-41F4-AB91-A7D28CEB7D90}.Debug|Win32.Build.0 = Debug|Win32
		{F36D024A-A037-41F4-AB91-A7D28CEB7D90}.Debug|x64.ActiveCfg = Debug|x64
		{F36D024A-A037-41F4-AB91-A7D28CEB7D90}.Debug|x64.Build.0 = Debug|x64
		{F36D024A-A037-41F4-AB91-A7D28CEB7D90}.Release|Win32.ActiveCfg = Release|Win32
		{F36D024A-A037-41F4-AB91-A7D28CEB7D90}.Release|Win32.Build.0 = Release|Win32
		{F36D024A-A037-41F4-AB91-A7D28CEB7D90}.Release|x64.ActiveCfg = Release|x64
		{F36D024A-A037-41F4-AB91-A7D28CEB7D90}.Release|x64.Build.0 = Release|x64
		{D22288CF-44CF-4F1B-8BEA-DB9F9A015F58}.Debug|Win32.ActiveCfg = Debug|Win32
		{D22288CF-44CF-4F1B-8BEA-DB9F9A015F58}.Debug|Win32.Build.0 = Debug|Win32
		{D22288CF-44CF-4F1B-8BEA-DB9F9A015F58}.Debug|x64.ActiveCfg = Debug|x64
		{D22288CF-44CF-4F1B-8BEA-DB9F9A015F58}.Debug|x64.Build.0 = Debug|x64
		{D22288CF-44CF-4F1B-8BEA-DB9F9A015F58}.Release|Win32.ActiveCfg = Release|Win32
		{D22288CF-44CF-4F1B-8BEA-DB9F9A015F58}.Release|Win32.Build.0 = Release|Win32
		{D22288CF-44CF-4F1B-8BEA-DB9F9A015F58}.Release|x64.ActiveCfg = Release|x64
		{D22288CF-44CF-4F1B-8BEA-DB9F9A015F58}.Release|x64.Build.0 = Release|x64
		{DAAC90FC-331E-437E-AA13-133C25DBFEDD}.Debug|Win32.ActiveCfg = Debug|Win32
		{DAAC90FC-331E-437E-AA13-133C25DBFEDD}.Debug|Win32.Build.0 = Debug|Win32
		{DAAC90FC-331E-437E-AA13-133C25DBFEDD}.Debug|x64.ActiveCfg = Debug|x64
		{DAAC90FC-331E-437E-AA13-133C25DBFEDD}.Debug|x64.Build.0 = Debug|x64
		{DAAC90FC-331E-437E-AA13-133C25DBFEDD}.Release|Win32.ActiveCfg = Release|Win32
		{DAAC90FC-331E-437E-AA13-133C25DBFEDD}.Release|Win32.Build.0 = Release|Win32
		{DAAC90FC-331E-437E-AA13-133C25DBFEDD}.Release|x64.ActiveCfg = Release|x64
		{DAAC90FC-331E-437E-AA13-133C25DBFEDD}.Release|x64.Build.0 = Release|x64
		{55CA4AE9-28D2-40AC-A24F-DED7B64DC82E}.Debug|Win32.ActiveCfg = Debug|Win32
		{55CA4AE9-28D2-40AC-A24F-DED7B64DC82E}.Debug|Win32.Build.0 = Debug|Win32
		{55CA4AE9-28D2-40AC-A24F-DED7B64DC82E}.Debug|x64.ActiveCfg = Debug|x64
		{55CA4AE9-28D2-40AC-A24F-DED7B64DC82E}.Debug|x64.Build.0 = Debug|x64
		{55CA4AE9-28D2-40AC-A24F-DED7B64DC82E}.Release|Win32.ActiveCfg = Release|Win32
		{55CA4AE9-28D2-40AC-A24F-DED7B64DC82E}.Release|Win32.Build.0 = Release|Win32
		{55CA4AE9-28D2-40AC-A24F-DED7B64DC82E}.Release|x64.ActiveCfg = Release|x64
		{55CA4AE9-28D2-40AC-A24F-DED7B64DC82E}.Release|x64.Build.0 = Release|x64
		{5998CF79-C845-4B5E-A353-4DA8006455C7}.Debug|Win32.ActiveCfg = Debug|Win32
		{5998CF79-C845-4B5E-A353-4DA8006455C7}.Debug|Win32.Build.0 = Debug|Win32
		{5998CF79-C845-4B5E-A353-4DA8006455C7}.Debug|x64.ActiveCfg = Debug|x64
		{5998CF79-C845-4B5E-A353-4DA8006455C7}.Debug|x64.Build.0 = Debug|x64
		{5998CF79-C845-4B5E-A353-4DA8006455C7}.Release|Win32.ActiveCfg = Release|Win32
		{5998CF79-C845-4B5E-A353-4DA8006455C7}.Release|Win32.Build.0 = Release|Win32
		{5998CF79-C845-4B5E-A353-4DA8006455C7}.Release|x64.ActiveCfg = Release|x64
		{5998CF79-C845-4B5E-A353-4DA8006455C7}.Release|x64.Build.0 = Release|x64
		{D2248F9D-B061-4F23-9F50-34FB9EB73BD0}.Debug|Win32.ActiveCfg = Debug|Win32
		{D2248F9D-B061-4F23-9F50-34FB9EB73BD0}.Debug|Win32.Build.0 = Debug|Win32
		{D2248F9D-B061-4F23-9F50-34FB9EB73BD0}.Debug|x64.ActiveCfg = Debug|x64
		{D2248F9D-B061-4F23-9F50-34FB9EB73BD0}.Debug|x64.Build.0 = Debug|x64
		{D2248F9D-B061-4F23-9F50-34FB9EB73BD0}.Release|Win32.ActiveCfg = Release|Win32
		{D2248F9D-B061-4F23-9F50-34FB9EB73BD0}.Release|Win32.Build.0 = Release|Win32
		{D2248F9D-B061-4F23-9F50-34FB9EB73BD0}.Release|x64.ActiveCfg = Release|x64
		{D2248F9D-B061-4F23-9F50-34FB9EB73BD0}.Release|x64.Build.0 = Release|x64
		{00B3DACC-5578-4078-B94D-E9558FABBFE8}.Debug|Win32.ActiveCfg = Debug|Win32
		{00B3DACC-5578-4078-B94D-E9558FABBFE8}.Debug|Win32.Build.0 = Debug|Win32
		{00B3DACC-5578-4078-B94D-E9558FABBFE8}.Debug|x64.ActiveCfg = Debug|x64
		{00B3DACC-5578-4078-B94D-E9558FABBFE8}.Debug|x64.Build.0 = Debug|x64
		{00B3DACC-5578-4078-B94D-E9558FABBFE8}.Release|Win32.ActiveCfg = Release|Win32
		{00B3DACC-5578-4078-B94D-E9558FABBFE8}.Release|Win32.Build.0 = Release|Win32
		{00B3DACC-5578-4078-B94D-E9558FABBFE8}.Release|x64.ActiveCfg = Release|x64
		{00B3DACC-5578-4078-B94D-E9558FABBFE8}.Release|x64.Build.0 = Release|x64
		{2DC3323D-FC1A-4A90-80AA-AEFB6AA9CE7C}.Debug|Win32.ActiveCfg = Debug|Win32
		{2DC3323D-FC1A-4A90-80AA-AEFB6AA9CE7C}.Debug|Win32.Build.0 = Debug|Win32
		{2DC3323D-FC1A-4A90-80AA-AEFB6AA9CE7C}.Debug|x64.ActiveCfg = Debug|x64
		{2DC3323D-FC1A-4A90-80AA-AEFB6AA9CE7C}.Debug|x64.Build.0 = Debug|x64
		{2DC3323D-FC1A-4A90-80AA-AEFB6AA9CE7C}.Release|Win32.ActiveCfg = Release|Win32
		{2DC3323D-FC1A-4A90-80AA-AEFB6AA9CE7C}.Release|Win32.Build.0 = Release|Win32
		{2DC3323D-FC1A-4A90-80AA-AEFB6AA9CE7C}.Release|x64.ActiveCfg = Release|x64
		{2DC3323D-FC1A-4A90-80AA-AEFB6AA9CE7C}.Release|x64.Build.0 = Release|x64
		{9BF83399-F418-4AC8-8BB8-4E65DAA8C13D}.Debug|Win32.ActiveCfg = Debug|Win32
		{9BF83399-F418-4AC8-8BB8-4E65DAA8C13D}.Debug|Win32.Build.0 = Debug|Win32
		{9BF83399-F418-4AC8-8BB8-4E65DAA8C13D}.Debug|x64.ActiveCfg = Debug|x64
		{9BF83399-F418-4AC8-8BB8-4E65DAA8C13D}.Debug|x64.Build.0 = Debug|x64
		{9BF83399-F418-4AC8-8BB8-4E65DAA8C13D}.Release|Win32.ActiveCfg = Release|Win32
		{9BF83399-F418-4AC8-8BB8-4E65DAA8C13D}.Release|Win32.Build.0 = Release|Win32
		{9BF83399-F418-4AC8-8BB8-4E65DAA8C13D}.Release|x64.ActiveCfg = Release|x64
		{9BF83399-F418-4AC8-8BB8-4E65DAA8C13D}.Release|x64.Build.0 = Release|x64
		{C4AF5AE6-9B3B-4371-BE16-1A84A96E92A5}.Debug|Win32.ActiveCfg = Debug|Win32
		{C4AF5AE6-9B3B-4371-BE16-1A84A96E92A5}.Debug|Win32.Build.0 = Debug|Win32
		{C4AF5AE6-9B3B-4371-BE16-1A84A96E92A5}.Debug|x64.ActiveCfg = Debug|x64
		{C4AF5AE6-9B3B-4371-BE16-1A84A96E92A5}.Debug|x64.Build.0 = Debug|x64
		{C4AF5AE6-9B3B-4371-BE16-1A84A96E92A5}.Release|Win32.ActiveCfg = Release|Win32
		{C4AF5AE6-9B3B-4371-BE16-1A84A96E92A5}.Release|Win32.Build.0 = Release|Win32
		{C4AF5AE6-9B3B-4371-BE16-1A84A96E92A5}.Release|x64.ActiveCfg = Release|x64
		{C4AF5AE6-9B3B-4371-BE16-1A84A96E92A5}.Release|x64.Build.0 = Release|x64
		{B6FBBCE1-5562-40E1-9106-24AC61261FE2}.Debug|Win32.ActiveCfg = Debug|Win32
		{B6FBBCE1-5562-40E1-9106-24AC61261FE2}.Debug|Win32.Build.0 = Debug|Win32
		{B6FBBCE1-5562-40E1-9106-24AC61261FE2}.Debug|x64.ActiveCfg = Debug|x64
		{B6FBBCE1-5562-40E1-9106-24AC61261FE2}.Debug|x64.Build.0 = Debug|x64
		{B6FBBCE1-5562-40E1-9106-24AC61261FE2}.Release|Win32.ActiveCfg = Release|Win32
		{B6FBBCE1-5562-40E1-9106-24AC61261FE2}.Release|Win32.Build.0 = Release|Win32
		{B6FBBCE1-5562-40E1-9106-24AC61261FE2}.Release|x64.ActiveCfg = Release|x64
		{B6FBBCE1-5562-40E1-9106-24AC61261FE2}.Release|x64.Build.0 = Release|x64
		{48363B33-E590-4271-9B6A-1EF7D54B2432}.Debug|Win32.ActiveCfg = Debug|Win32
		{48363B33-E590-4271-9B6A-1EF7D54B2432}.Debug|Win32.Build.0 = Debug|Win32
		{48363B33-E590-4271-9B6A-1EF7D54B2432}.Debug|x64.ActiveCfg = Debug|x64
		{48363B33-E590-4271-9B6A-1EF7D54B2432}.Debug|x64.Build.0 = Debug|x64
		{48363B33-E590-4271-9B6A-1EF7D54B2432}.Release|Win32.ActiveCfg = Release|Win32
		{48363B33-E590-4271-9B6A-1EF7D54B2432}.Release|Win32.Build.0 = Release|Win32
		{48363B33-E590-4271-9B6A-1EF7D54B2432}.Release|x64.ActiveCfg = Release|x64
		{48363B33-E590-4271-9B6A-1EF7D54B2432}.Release|x64.Build.0 = Release|x64
		{6F68DFE5-AC60-4411-8CA6-5ADE70CD3D28}.Debug|Win32.ActiveCfg = Debug|Win32
		{6F68DFE5-AC60-4411-8CA6-5ADE70CD3D28}.Debug|Win32.Build.0 = Debug|Win32
		{6F68DFE5-AC60-4411-8CA6-5ADE70CD3D28}.Debug|x64.ActiveCfg = Debug|x64
		{6F68DFE5-AC60-4411-8CA6-5ADE70CD3D28}.Debug|x64.Build.0 = Debug|x64
		{6F68DFE5-AC60-4411-8CA6-5ADE70CD3D28}.Release|Win32.ActiveCfg = Release|Win32
		{6F68DFE5-AC60-4411-8CA6-5ADE70CD3D28}.Release|Win32.Build.0 = Release|Win32
		{6F68DFE5-AC60-4411-8CA6-5ADE70CD3D28}.Release|x64.ActiveCfg = Release|x64
		{6F68DFE5-AC60-4411-8CA6-5ADE70CD3D28}.Release|x64.Build.0 = Release|x64
		{D49E104E-F510-4B77-909D-B46ACC6C49ED}.Debug|Win32.ActiveCfg = Debug|Win32
		{D49E104E-F510-4B77-909D-B46ACC6C49ED}.Debug|Win32.Build.0 = Debug|Win32
		{D49E104E-F510-4B77-909D-B46ACC6C49ED}.Debug|x64.ActiveCfg = Debug|x64
		{D49E104E-F510-4B77-909D-B46ACC6C49ED}.Debug|x64.Build.0 = Debug|x64
		{D49E104E-F510-4B77-909D-B46ACC6C49ED}.Release|Win32.ActiveCfg = Release|Win32
		{D49E104E-F510-4B77-909D-B46ACC6C49ED}.Release|Win32.Build.0 = Release|Win32
		{D49E104E-F510-4B77-909D-B46ACC6C49ED}.Release|x64.ActiveCfg = Release|x64
		{D49E104E-F510-4B77-909D-B46ACC6C49ED}.Release|x64.Build.0 = Release|x64
		{EDCDA670-1A46-496B-A552-C7E23A5B7CFB}.Debug|Win32.ActiveCfg = Debug|Win32
		{EDCDA670-1A46-496B-A552-C7E23A5B7CFB}.Debug|Win32.Build.0 = Debug|Win32
		{EDCDA670-1A46-496B-A552-C7E23A5B7CFB}.Debug|x64.ActiveCfg = Debug|x64
		{EDCDA670-1A46-496B-A552-C7E23A5B7CFB}.Debug|x64.Build.0 = Debug|x64
		{EDCDA670-1A46-496B-A552-C7E23A5B7CFB}.Release|Win32.ActiveCfg = Release|Win32
		{EDCDA670-1A46-496B-A552-C7E23A5B7CFB}.Release|Win32.Build.0 = Release|Win32
		{EDCDA670-1A46-496B-A552-C7E23A5B7CFB}.Release|x64.ActiveCfg = Release|x64
		{EDCDA670-1A46-496B-A552-C7E23A5B7CFB}.Release|x64.Build.0 = Release|x64
		{0933260E-2A69-4C35-A096-FC1D454E6300}.Debug|Win32.ActiveCfg = Debug|Win32
		{0933260E-2A69-4C35-A096-FC1D454E6300}.Debug|Win32.Build.0 = Debug|Win32
		{0933260E-2A69-4C35-A096-FC1D454E6300}.Debug|x64.ActiveCfg = Debug|x64
		{0933260E-2A69-4C35-A096-FC1D454E6300}.Debug|x64.Build.0 = Debug|x64
		{0933260E-2A69-4C35-A096-FC1D454E6300}.Release|Win32.ActiveCfg = Release|Win32
		{0933260E-2A69-4C35-A096-FC1D454E6300}.Release|Win32.Build.0 = Release|Win32
		{0933260E-2A69-4C35-A096-FC1D454E6300}.Release|x64.ActiveCfg = Release|x64
		{0933260E-2A69-4C35-A096-FC1D454E6300}.Release|x64.Build.0 = Release|x64
		{840B1002-943B-474E-999B-F4C432B31B67}.Debug|Win32.ActiveCfg = Debug|Win32
		{840B1002-943B-474E-999B-F4C432B31B67}.Debug|Win32.Build.0 = Debug|Win32
		{840B1002-943B-474E-999B-F4C432B31B67}.Debug|x64.ActiveCfg = Debug|x64
		{840B1002-943B-474E-999B-F4C432B31B67}.Debug|x64.Build.0 = Debug|x64
		{840B1002-943B-474E-999B-F4C432B31B67}.Release|Win32.ActiveCfg = Release|Win32
		{840B1002-943B-474E-999B-F4C432B31B67}.Release|Win32.Build.0 = Release|Win32
		{840B1002-943B-474E-999B-F4C432B31B67}.Release|x64.ActiveCfg = Release|x64
		{840B1002-943B-474E-999B-F4C432B31B67}.Release|x64.Build.0 = Release|x64
		{7CDDDEED-79C0-4076-A133-8CF806A2F0A9}.Debug|Win32.ActiveCfg = Debug|Win32
		{7CDDDEED-79C0-4076-A133-8CF806A2F0A9}.Debug|Win32.Build.0 = Debug|Win32
		{7CDDDEED-79C0-4076-A133-8CF806A2F0A9}.Debug|x64.ActiveCfg = Debug|x64
		{7CDDDEED-79C0-4076-A133-8CF806A2F0A9}.Debug|x64.Build.0 = Debug|x64
		{7CDDDEED-79C0-4076-A133-8CF806A2F0A9}.Release|Win32.ActiveCfg = Release|Win32
		{7CDDDEED-79C0-4076-A133-8CF806A2F0A9}.Release|Win32.Build.0 = Release|Win32
		{7CDDDEED-79C0-4076-A133-8CF806A2F0A9}.Release|x64.ActiveCfg = Release|x64
		{7CDDDEED-79C0-4076-A133-8CF806A2F0A9}.Release|x64.Build.0 = Release|x64
		{853F466C-C183-4E43-BA15-B2F8F295BE49}.Debug|Win32.ActiveCfg = Debug|Win32
		{853F466C-C183-4E43-BA15-B2F8F295BE49}.Debug|Win32.Build.0 = Debug|Win32
		{853F466C-C183-4E43-BA15-B2F8F295BE49}.Debug|x64.ActiveCfg = Debug|x64
		{853F466C-C183-4E43-BA15-B2F8F295BE49}.Debug|x64.Build.0 = Debug|x64
		{853F466C-C183-4E43-BA15-B2F8F295BE49}.Release|Win32.ActiveCfg = Release|Win32
		{853F466C-C183-4E43-BA15-B2F8F295BE49}.Release|Win32.Build.0 = Release|Win32
		{853F466C-C183-4E43-BA15-B2F8F295BE49}.Release|x64.ActiveCfg = Release|x64
		{853F466C-C183-4E43-BA15-B2F8F295BE49}.Release|x64.Build.0 = Release|x64
		{482C68C2-9E2D-4A0C-A793-B51B322C2C83}.Debug|Win32.ActiveCfg = Debug|Win32
		{482C68C2-9E2D-4A0C-A793-B51B322C2C83}.Debug|Win32.Build.0 = Debug|Win32
		{482C68C2-9E2D-4A0C-A793-B51B322C2C83}.Debug|x64.ActiveCfg = Debug|x64
		{482C68C2-9E2D-4A0C-A793-B51B322C2C83}.Debug|x64.Build.0 = Debug|x64
		{482C68C2-9E2D-4A0C-A793-B51B322C2C83}.Release|Win32.ActiveCfg = Release|Win32
		{482C68C2-9E2D-4A0C-A793-B51B322C2C83}.Release|Win32.Build.0 = Release|Win32
		{482C68C2-9E2D-4A0C-A793-B51B322C2C83}.Release|x64.ActiveCfg = Release|x64
		{482C68C2-9E2D-4A0C-A793-B51B322C2C83}.Release|x64.Build.0 = Release|x64
		{CFAD3987-0A9D-4178-8405-03E0C554F74F}.Debug|Win32.ActiveCfg = Debug|Win32
		{CFAD3987-0A9D-4178-8405-03E0C554F74F}.Debug|Win32.Build.0 = Debug|Win32
		{CFAD3987-0A9D-4178-8405-03E0C554F74F}.Debug|x64.ActiveCfg = Debug|x64
		{CFAD3987-0A9D-4178-8405-03E0C554F74F}.Debug|x64.Build.0 = Debug|x64
		{CFAD3987-0A9D-4178-8405-03E0C554F74F}.Release|Win32.ActiveCfg = Release|Win32
		{CFAD3987-0A9D-4178-8405-03E0C554F74F}.Release|Win32.Build.0 = Release|Win32
		{CFAD3987-0A9D-4178-8405-03E0C554F74F}.Release|x64.ActiveCfg = Release|x64
		{CFAD3987-0A9D-4178-8405-03E0C554F74F}.Release|x64.Build.0 = Release|x64
		{9CD0C3E4-3826-4671-BE7F-369A45079D1B}.Debug|Win32.ActiveCfg = Debug|Win32
		{9CD0C3E4-3826-4671-BE7F-369A45079D1B}.Debug|Win32.Build.0 = Debug|Win32
		{9CD0C3E4-3826-4671-BE7F-369A45079D1B}.Debug|x64.ActiveCfg = Debug|x64
		{9CD0C3E4-3826-4671-BE7F-369A45079D1B}.Debug|x64.Build.0 = Debug|x64
		{9CD0C3E4-3826-4671-BE7F-369A45079D1B}.Release|Win32.ActiveCfg = Release|Win32
		{9CD0C3E4-3826-4671-BE7F-369A45079D1B}.Release|Win32.Build.0 = Release|Win32
		{9CD0C3E4-3826-4671-BE7F-369A45079D1B}.Release|x64.ActiveCfg = Release|x64
		{9CD0C3E4-3826-4671-BE7F-369A45079D1B}.Release|x64.Build.0 = Release|x64
		{6FA15EFA-F259-4AC7-BC5E-345B8486CA52}.Debug|Win32.ActiveCfg = Debug|Win32
		{6FA15EFA-F259-4AC7-BC5E-345B8486CA52}.Debug|Win32.Build.0 = Debug|Win32
		{6FA15EFA-F259-4AC7-BC5E-345B8486CA52}.Debug|x64.ActiveCfg = Debug|x64
		{6FA15EFA-F259-4AC7-BC5E-345B8486CA52}.Debug|x64.Build.0 = Debug|x64
		{6FA15EFA-F259-4AC7-BC5E-345B8486CA52}.Release|Win32.ActiveCfg = Release|Win32
		{6FA15EFA-F259-4AC7-BC5E-345B8486CA52}.Release|Win32.Build.0 = Release|Win32
		{6FA15EFA-F259-4AC7-BC5E-345B8486CA52}.Release|x64.ActiveCfg = Release|x64
		{6FA15EFA-F259-4AC7-BC5E-345B8486CA52}.Release|x64.Build.0 = Release|x64
		{6A68610A-8D75-48AB-8D4C-80DF901186D6}.Debug|Win32.ActiveCfg = Debug|Win32
		{6A68610A-8D75-48AB-8D4C-80DF901186D6}.Debug|Win32.Build.0 = Debug|Win32
		{6A68610A-8D75-48AB-8D4C-80DF901186D6}.Debug|x64.ActiveCfg = Debug|x64
		{6A68610A-8D75-48AB-8D4C-80DF901186D6}.Debug|x64.Build.0 = Debug|x64
		{6A68610A-8D75-48AB-8D4C-80DF901186D6}.Release|Win32.ActiveCfg = Release|Win32
		{6A68610A-8D75-48AB-8D4C-80DF901186D6}.Release|Win32.Build.0 = Release|Win32
		{6A68610A-8D75-48AB-8D4C-80DF901186D6}.Release|x64.ActiveCfg = Release|x64
		{6A68610A-8D75-48AB-8D4C-80DF901186D6}.Release|x64.Build.0 = Release|x64
		{56C57D18-4CFF-4C0D-9C58-0DA645A1F82A}.Debug|Win32.ActiveCfg = Debug|Win32
		{56C57D18-4CFF-4C0D-9C58-0DA645A1F82A}.Debug|Win32.Build.0 = Debug|Win32
		{56C57D18-4CFF-4C0D-9C58-0DA645A1F82A}.Debug|x64.ActiveCfg = Debug|x64
		{56C57D18-4CFF-4C0D-9C58-0DA645A1F82A}.Debug|x64.Build.0 = Debug|x64
		{56C57D18-4CFF-4C0D-9C58-0DA645A1F82A}.Release|Win32.ActiveCfg = Release|Win32
		{56C57D18-4CFF-4C0D-9C58-0DA645A1F82A}.Release|Win32.Build.0 = Release|Win32
		{56C57D18-4CFF-4C0D-9C58-0DA645A1F82A}.Release|x64.ActiveCfg = Release|x64
		{56C57D18-4CFF-4C0D-9C58-0DA645A1F82A}.Release|x64.Build.0 = Release|x64
		{BE10A8D6-ED13-4BB0-854D-B32AA2D2D7D6}.Debug|Win32.ActiveCfg = Debug|Win32
		{BE10A8D6-ED13-4BB0-854D-B32AA2D2D7D6}.Debug|Win32.Build.0 = Debug|Win32
		{BE10A8D6-ED13-4BB0-854D-B32AA2D2D7D6}.Debug|x64.ActiveCfg = Debug|x64
		{BE10A8D6-ED13-4BB0-854D-B32AA2D2D7D6}.Debug|x64.Build.0 = Debug|x64
		{BE10A8D6-ED13-4BB0-854D-B32AA2D2D7D6}.Release|Win32.ActiveCfg = Release|Win32
		{BE10A8D6-ED13-4BB0-854D-B32AA2D2D7D6}.Release|Win32.Build.0 = Release|Win32
		{BE10A8D6-ED13-4BB0-854D-B32AA2D2D7D6}.Release|x64.ActiveCfg = Release|x64
		{BE10A8D6-ED13-4BB0-854D-B32AA2D2D7D6}.Release|x64.Build.0 = Release|x64
		{5C408671-0E73-4198-84C7-C489866A26ED}.Debug|Win32.ActiveCfg = Debug|Win32
		{5C408671-0E73-4198-84C7-C489866A26ED}.Debug|Win32.Build.0 = Debug|Win32
		{5C408671-0E73-4198-84C7-C489866A26ED}.Debug|x64.ActiveCfg = Debug|x64
		{5C408671-0E73-4198-84C7-C489866A26ED}.Debug|x64.Build.0 = Debug|x64
		{5C408671-0E73-4198-84C7-C489866A26ED}.Release|Win32.ActiveCfg = Release|Win32
		{5C408671-0E73-4198-84C7-C489866A26ED}.Release|Win32.Build.0 = Release|Win32
		{5C408671-0E73-4198-84C7-C489866A26ED}.Release|x64.ActiveCfg = Release|x64
		{5C408671-0E73-4198-84C7-C489866A26ED}.Release|x64.Build.0 = Release|x64
		{AB7F71E9-05C5-4462-A588-4BC3BDD765D6}.Debug|Win32.ActiveCfg = Debug|Win32
		{AB7F71E9-05C5-4462-A588-4BC3BDD765D6}.Debug|Win32.Build.0 = Debug|Win32
		{AB7F71E9-05C5-4462-A588-4BC3BDD765D6}.Debug|x64.ActiveCfg = Debug|x64
		{AB7F71E9-05C5-4462-A588-4BC3BDD765D6}.Debug|x64.Build.0 = Debug|x64
		{AB7F71E9-05C5-4462-A588-4BC3BDD765D6}.Release|Win32.ActiveCfg = Release|Win32
		{AB7F71E9-05C5-4462-A588-4BC3BDD765D6}.Release|Win32.Build.0 = Release|Win32
		{AB7F71E9-05C5-4462-A588-4BC3BDD765D6}.Release|x64.ActiveCfg = Release|x64
		{AB7F71E9-05C5-4462-A588-4BC3BDD765D6}.Release|x64.Build.0 = Release|x64
		{0F173EFC-CD56-479E-A0A1-E5AA2FCC0C64}.Debug|Win32.ActiveCfg = Debug|Win32
		{0F173EFC-CD56-479E-A0A1-E5AA2FCC0C64}.Debug|Win32.Build.0 = Debug|Win32
		{0F173EFC-CD56-479E-A0A1-E5AA2FCC0C64}.Debug|x64.ActiveCfg = Debug|x64
		{0F173EFC-CD56-479E-A0A1-E5AA2FCC0C64}.Debug|x64.Build.0 = Debug|x64
		{0F173EFC-CD56-479E-A0A1-E5AA2FCC0C64}.Release|Win32.ActiveCfg = Release|Win32
		{0F173EFC-CD56-479E-A0A1-E5AA2FCC0C64}.Release|Win32.Build.0 = Release|Win32
		{0F173EFC-CD56-479E-A0A1-E5AA2FCC0C64}.Release|x64.ActiveCfg = Release|x64
		{0F173EFC-CD56-479E-A0A1-E5AA2FCC0C64}.Release|x64.Build.0 = Release|x64
		{D117669E-1B3B-4C54-8B79-C4353471BEC3}.Debug|Win32.ActiveCfg = Debug|Win32
		{D117669E-1B3B-4C54-8B79-C4353471BEC3}.Debug|Win32.Build.0 = Debug|Win32
		{D117669E-1B3B-4C54-8B79-C4353471BEC3}.Debug|x64.ActiveCfg = Debug|x64
		{D117669E-1B3B-4C54-8B79-C4353471BEC3}.Debug|x64.Build.0 = Debug|x64
		{D117669E-1B3B-4C54-8B79-C4353471BEC3}.Release|Win32.ActiveCfg = Release|Win32
		{D117669E-1B3B-4C54-8B79-C4353471BEC3}.Release|Win32.Build.0 = Release|Win32
		{D117669E-1B3B-4C54-8B79-C4353471BEC3}.Release|x64.ActiveCfg = Release|x64
		{D117669E-1B3B-4C54-8B79-C4353471BEC3}.Release|x64.Build.0 = Release|x64
		{5C5CBA15-3D31-4F2D-8377-A79C1EECFE89}.Debug|Win32.ActiveCfg = Debug|Win32
		{5C5CBA15-3D31-4F2D-8377-A79C1EECFE89}.Debug|Win32.Build.0 = Debug|Win32
		{5C5CBA15-3D31-4F2D-8377-A79C1EECFE89}.Debug|x64.ActiveCfg = Debug|x64
		{5C5CBA15-3D31-4F2D-8377-A79C1EECFE89}.Debug|x64.Build.0 = Debug|x64
		{5C5CBA15-3D31-4F2D-8377-A79C1EECFE89}.Release|Win32.ActiveCfg = Release|Win32
		{5C5CBA15-3D31-4F2D-8377-A79C1EECFE89}.Release|Win32.Build.0 = Release|Win32
		{5C5CBA15-3D31-4F2D-8377-A79C1EECFE89}.Release|x64.ActiveCfg = Release|x64
		{5C5CBA15-3D31-4F2D-8377-A79C1EECFE89}.Release|x64.Build.0 = Release|x64
		{7AD8F30A-940A-4A78-85CA-F7E0FF59FF83}.Debug|Win32.ActiveCfg = Debug|Win32
		{7AD8F30A-940A-4A78-85CA-F7E0FF59FF83}.Debug|Win32.Build.0 = Debug|Win32
		{7AD8F30A-940A-4A78-85CA-F7E0FF59FF83}.Debug|x64.ActiveCfg = Debug|x64
		{7AD8F30A-940A-4A78-85CA-F7E0FF59FF83}.Debug|x64.Build.0 = Debug|x64
		{7AD8F30A-940A-4A78-85CA-F7E0FF59FF83}.Release|Win32.ActiveCfg = Release|Win32
		{7AD8F30A-940A-4A78-85CA-F7E0FF59FF83}.Release|Win32.Build.0 = Release|Win32
		{7AD8F30A-940A-4A78-85CA-F7E0FF59FF83}.Release|x64.ActiveCfg = Release|x64
		{7AD8F30A-940A-4A78-85CA-F7E0FF59FF83}.Release|x64.Build.0 = Release|x64
		{1325D57F-D888-4391-B4E1-7D0E81E422D6}.Debug|Win32.ActiveCfg = Debug|Win32
		{1325D57F-D888-4391-B4E1-7D0E81E422D6}.Debug|Win32.Build.0 = Debug|Win32
		{1325D57F-D888-4391-B4E1-7D0E81E422D6}.Debug|x64.ActiveCfg = Debug|x64
		{1325D57F-D888-4391-B4E1-7D0E81E422D6}.Debug|x64.Build.0 = Debug|x64
		{1325D57F-D888-4391-B4E1-7D0E81E422D6}.Release|Win32.ActiveCfg = Release|Win32
		{1325D57F-D888-4391-B4E1-7D0E81E422D6}.Release|Win32.Build.0 = Release|Win32
		{1325D57F-D888-4391-B4E1-7D0E81E422D6}.Release|x64.ActiveCfg = Release|x64
		{1325D57F-D888-4391-B4E1-7D0E81E422D6}.Release|x64.Build.0 = Release|x64
		{BEB6FF5F-D777-4FDD-8348-BA5959B5BEC3}.Debug|Win32.ActiveCfg = Debug|Win32
		{BEB6FF5F-D777-4FDD-8348-BA5959B5BEC3}.Debug|Win32.Build.0 = Debug|Win32
		{BEB6FF5F-D777-4FDD-8348-BA5959B5BEC3}.Debug|x64.ActiveCfg = Debug|x64
		{BEB6FF5F-D777-4FDD-8348-BA5959B5BEC3}.Debug|x64.Build.0 = Debug|x64
		{BEB6FF5F-D777-4FDD-8348-BA5959B5BEC3}.Release|Win32.ActiveCfg = Release|Win32
		{BEB6FF5F-D777-4FDD-8348-BA5959B5BEC3}.Release|Win32.Build.0 = Release|Win32
		{BEB6FF5F-D777-4FDD-8348-BA5959B5BEC3}.Release|x64.ActiveCfg = Release|x64
		{BEB6FF5F-D777-4FDD-8348-BA5959B5BEC3}.Release|x64.Build.0 = Release|x64
		{8F83A26C-B38A-4240-8C41-1A3F4EB24CCE}.Debug|Win32.ActiveCfg = Debug|Win32
		{8F83A26C-B38A-4240-8C41-1A3F4EB24CCE}.Debug|Win32.Build.0 = Debug|Win32
		{8F83A26C-B38A-4240-8C41-1A3F4EB24CCE}.Debug|x64.ActiveCfg = Debug|x64
		{8F83A26C-B38A-4240-8C41-1A3F4EB24CCE}.Debug|x64.Build.0 = Debug|x64
		{8F83A26C-B38A-4240-8C41-1A3F4EB24CCE}.Release|Win32.ActiveCfg = Release|Win32
		{8F83A26C-B38A-4240-8C41-1A3F4EB24CCE}.Release|Win32.Build.0 = Release|Win32
		{8F83A26C-B38A-4240-8C41-1A3F4EB24CCE}.Release|x64.ActiveCfg = Release|x64
		{8F83A26C-B38A-4240-8C41-1A3F4EB24CCE}.Release|x64.Build.0 = Release|x64
		{4B59FF37-9F17-4971-80BC-905FB4317AF8}.Debug|Win32.ActiveCfg = Debug|Win32
		{4B59FF37-9F17-4971-80BC-905FB4317AF8}.Debug|Win32.Build.0 = Debug|Win32
		{4B59FF37-9F17-4971-80BC-905FB4317AF8}.Debug|x64.ActiveCfg = Debug|x64
		{4B59FF37-9F17-4971-80BC-905FB4317AF8}.Debug|x64.Build.0 = Debug|x64
		{4B59FF37-9F17-4971-80BC-905FB4317AF8}.Release|Win32.ActiveCfg = Release|Win32
		{4B59FF37-9F17-4971-80BC-905FB4317AF8}.Release|Win32.Build.0 = Release|Win32
		{4B59FF37-9F17-4971-80BC-905FB4317AF8}.Release|x64.ActiveCfg = Release|x64
		{4B59FF37-9F17-4971-80BC-905FB4317AF8}.Release|x64.Build.0 = Release|x64
		{947D5641-9DE9-4E69-8E5A-8C4F05CA2552}.Debug|Win32.ActiveCfg = Debug|Win32
		{947D5641-9DE9-4E69-8E5A-8C4F05CA2552}.Debug|Win32.Build.0 = Debug|Win32
		{947D5641-9DE9-4E69-8E5A-8C4F05CA2552}.Debug|x64.ActiveCfg = Debug|x64
		{947D5641-9DE9-4E69-8E5A-8C4F05CA2552}.Debug|x64.Build.0 = Debug|x64
		{947D5641-9DE9-4E69-8E5A-8C4F05CA2552}.Release|Win32.ActiveCfg = Release|Win32
		{947D5641-9DE9-4E69-8E5A-8C4F05CA2552}.Release|Win32.Build.0 = Release|Win32
		{947D5641-9DE9-4E69-8E5A-8C4F05CA2552}.Release|x64.ActiveCfg = Release|x64
		{947D5641-9DE9-4E69-8E5A-8C4F05CA2552}.Release|x64.Build.0 = Release|x64
		{EB0535BC-65A4-4E94-B34A-95B1E322F478}.Debug|Win32.ActiveCfg = Debug|Win32
		{EB0535BC-65A4-4E94-B34A-95B1E322F478}.Debug|Win32.Build.0 = Debug|Win32
		{EB0535BC-65A4-4E94-B34A-95B1E322F478}.Debug|x64.ActiveCfg = Debug|x64
		{EB0535BC-65A4-4E94-B34A-95B1E322F478}.Debug|x64.Build.0 = Debug|x64
		{EB0535BC-65A4-4E94-B34A-95B1E322F478}.Release|Win32.ActiveCfg = Release|Win32
		{EB0535BC-65A4-4E94-B34A-95B1E322F478}.Release|Win32.Build.0 = Release|Win32
		{EB0535BC-65A4-4E94-B34A-95B1E322F478}.Release|x64.ActiveCfg = Release|x64
		{EB0535BC-65A4-4E94-B34A-95B1E322F478}.Release|x64.Build.0 = Release|x64
	EndGlobalSection
	GlobalSection(SolutionProperties) = preSolution
		HideSolutionNode = FALSE
	EndGlobalSection
EndGlobal
